
Microsoft Visual Studio Solution File, Format Version 12.00
# Visual Studio Version 16
VisualStudioVersion = 16.0.29102.190
MinimumVisualStudioVersion = 10.0.40219.1
Project("{FAE04EC0-301F-11D3-BF4B-00C04F79EFBC}") = "GameApplication", "GameApplication\GameApplication.csproj", "{22916F37-CA2F-480B-8786-35589FBF2FE3}"
EndProject
Global
	GlobalSection(SolutionConfigurationPlatforms) = preSolution
		Debug|Any CPU = Debug|Any CPU
		Release|Any CPU = Release|Any CPU
	EndGlobalSection
	GlobalSection(ProjectConfigurationPlatforms) = postSolution
		{22916F37-CA2F-480B-8786-35589FBF2FE3}.Debug|Any CPU.ActiveCfg = Debug|Any CPU
		{22916F37-CA2F-480B-8786-35589FBF2FE3}.Debug|Any CPU.Build.0 = Debug|Any CPU
		{22916F37-CA2F-480B-8786-35589FBF2FE3}.Release|Any CPU.ActiveCfg = Release|Any CPU
		{22916F37-CA2F-480B-8786-35589FBF2FE3}.Release|Any CPU.Build.0 = Release|Any CPU
	EndGlobalSection
	GlobalSection(SolutionProperties) = preSolution
		HideSolutionNode = FALSE
	EndGlobalSection
	GlobalSection(ExtensibilityGlobals) = postSolution
		SolutionGuid = {3FAA1A36-CD9C-4416-B7DD-892EFD4429FF}
	EndGlobalSection
EndGlobal
